
Microsoft Visual Studio Solution File, Format Version 12.00
# Visual Studio Version 17
VisualStudioVersion = 17.4.33603.86
MinimumVisualStudioVersion = 10.0.40219.1
Project("{FAE04EC0-301F-11D3-BF4B-00C04F79EFBC}") = "ExactAzureAIGPT", "ExactAzureAIGPT.csproj", "{DABDA4D1-46FF-4868-91DB-BA39D09EF839}"
EndProject
Global
	GlobalSection(SolutionConfigurationPlatforms) = preSolution
		Debug|Any CPU = Debug|Any CPU
		Release|Any CPU = Release|Any CPU
	EndGlobalSection
	GlobalSection(ProjectConfigurationPlatforms) = postSolution
		{DABDA4D1-46FF-4868-91DB-BA39D09EF839}.Debug|Any CPU.ActiveCfg = Debug|Any CPU
		{DABDA4D1-46FF-4868-91DB-BA39D09EF839}.Debug|Any CPU.Build.0 = Debug|Any CPU
		{DABDA4D1-46FF-4868-91DB-BA39D09EF839}.Release|Any CPU.ActiveCfg = Release|Any CPU
		{DABDA4D1-46FF-4868-91DB-BA39D09EF839}.Release|Any CPU.Build.0 = Release|Any CPU
	EndGlobalSection
	GlobalSection(SolutionProperties) = preSolution
		HideSolutionNode = FALSE
	EndGlobalSection
	GlobalSection(ExtensibilityGlobals) = postSolution
		SolutionGuid = {0ABF3E58-B98C-4F10-B611-2DB3E1EC3365}
	EndGlobalSection
EndGlobal
